// !$*UTF8*$!
{
	archiveVersion = 1;
	classes = {
	};
	objectVersion = 50;
	objects = {

/* Begin PBXBuildFile section */
		297EDFCD21EF374300923669 /* AppDelegate.swift in Sources */ = {isa = PBXBuildFile; fileRef = 297EDFCC21EF374300923669 /* AppDelegate.swift */; };
		297EDFCF21EF374300923669 /* ViewController.swift in Sources */ = {isa = PBXBuildFile; fileRef = 297EDFCE21EF374300923669 /* ViewController.swift */; };
		297EDFD421EF374400923669 /* Assets.xcassets in Resources */ = {isa = PBXBuildFile; fileRef = 297EDFD321EF374400923669 /* Assets.xcassets */; };
		297EDFD721EF374400923669 /* LaunchScreen.storyboard in Resources */ = {isa = PBXBuildFile; fileRef = 297EDFD521EF374400923669 /* LaunchScreen.storyboard */; };
		297EDFE221EF374400923669 /* Ka_Core_Image_v1Tests.swift in Sources */ = {isa = PBXBuildFile; fileRef = 297EDFE121EF374400923669 /* Ka_Core_Image_v1Tests.swift */; };
		297EDFED21EF374400923669 /* Ka_Core_Image_v1UITests.swift in Sources */ = {isa = PBXBuildFile; fileRef = 297EDFEC21EF374400923669 /* Ka_Core_Image_v1UITests.swift */; };
		297EDFFB21EF375900923669 /* Main.storyboard in Resources */ = {isa = PBXBuildFile; fileRef = 297EDFFA21EF375900923669 /* Main.storyboard */; };
		297EE00621EF377E00923669 /* Fade.png in Resources */ = {isa = PBXBuildFile; fileRef = 297EDFFD21EF377E00923669 /* Fade.png */; };
		297EE00721EF377E00923669 /* Instant.png in Resources */ = {isa = PBXBuildFile; fileRef = 297EDFFE21EF377E00923669 /* Instant.png */; };
		297EE00821EF377E00923669 /* Transfer.png in Resources */ = {isa = PBXBuildFile; fileRef = 297EDFFF21EF377E00923669 /* Transfer.png */; };
		297EE00921EF377E00923669 /* Chrome.png in Resources */ = {isa = PBXBuildFile; fileRef = 297EE00021EF377E00923669 /* Chrome.png */; };
		297EE00A21EF377E00923669 /* Noir.png in Resources */ = {isa = PBXBuildFile; fileRef = 297EE00121EF377E00923669 /* Noir.png */; };
		297EE00B21EF377E00923669 /* Mono.png in Resources */ = {isa = PBXBuildFile; fileRef = 297EE00221EF377E00923669 /* Mono.png */; };
		297EE00C21EF377E00923669 /* Tonal.png in Resources */ = {isa = PBXBuildFile; fileRef = 297EE00321EF377E00923669 /* Tonal.png */; };
		297EE00D21EF377E00923669 /* None.png in Resources */ = {isa = PBXBuildFile; fileRef = 297EE00421EF377E00923669 /* None.png */; };
		297EE00E21EF377E00923669 /* Process.png in Resources */ = {isa = PBXBuildFile; fileRef = 297EE00521EF377E00923669 /* Process.png */; };
		297EE01021EF37CA00923669 /* Vivid warm.png in Resources */ = {isa = PBXBuildFile; fileRef = 297EE00F21EF37CA00923669 /* Vivid warm.png */; };
		297EE01321EF384A00923669 /* ObjectPara.swift in Sources */ = {isa = PBXBuildFile; fileRef = 297EE01221EF384A00923669 /* ObjectPara.swift */; };
		297EE01521EF390300923669 /* ViewFilter.swift in Sources */ = {isa = PBXBuildFile; fileRef = 297EE01421EF390300923669 /* ViewFilter.swift */; };
		297EE01721EF3A0400923669 /* CustomView.swift in Sources */ = {isa = PBXBuildFile; fileRef = 297EE01621EF3A0400923669 /* CustomView.swift */; };
		297EE01921EF3D3500923669 /* CustomView.xib in Resources */ = {isa = PBXBuildFile; fileRef = 297EE01821EF3D3500923669 /* CustomView.xib */; };
		297EE01C21EF3D6800923669 /* FilterView.swift in Sources */ = {isa = PBXBuildFile; fileRef = 297EE01B21EF3D6800923669 /* FilterView.swift */; };
		297EE01F21EF411100923669 /* PhotoEffectCollectionCell.swift in Sources */ = {isa = PBXBuildFile; fileRef = 297EE01E21EF411100923669 /* PhotoEffectCollectionCell.swift */; };
		297EE02121EF431600923669 /* EffectView.swift in Sources */ = {isa = PBXBuildFile; fileRef = 297EE02021EF431600923669 /* EffectView.swift */; };
/* End PBXBuildFile section */

/* Begin PBXContainerItemProxy section */
		297EDFDE21EF374400923669 /* PBXContainerItemProxy */ = {
			isa = PBXContainerItemProxy;
			containerPortal = 297EDFC121EF374300923669 /* Project object */;
			proxyType = 1;
			remoteGlobalIDString = 297EDFC821EF374300923669;
			remoteInfo = Ka_Core_Image_v1;
		};
		297EDFE921EF374400923669 /* PBXContainerItemProxy */ = {
			isa = PBXContainerItemProxy;
			containerPortal = 297EDFC121EF374300923669 /* Project object */;
			proxyType = 1;
			remoteGlobalIDString = 297EDFC821EF374300923669;
			remoteInfo = Ka_Core_Image_v1;
		};
/* End PBXContainerItemProxy section */

/* Begin PBXFileReference section */
		297EDFC921EF374300923669 /* Ka_Core_Image_v1.app */ = {isa = PBXFileReference; explicitFileType = wrapper.application; includeInIndex = 0; path = Ka_Core_Image_v1.app; sourceTree = BUILT_PRODUCTS_DIR; };
		297EDFCC21EF374300923669 /* AppDelegate.swift */ = {isa = PBXFileReference; lastKnownFileType = sourcecode.swift; path = AppDelegate.swift; sourceTree = "<group>"; };
		297EDFCE21EF374300923669 /* ViewController.swift */ = {isa = PBXFileReference; lastKnownFileType = sourcecode.swift; path = ViewController.swift; sourceTree = "<group>"; };
		297EDFD321EF374400923669 /* Assets.xcassets */ = {isa = PBXFileReference; lastKnownFileType = folder.assetcatalog; path = Assets.xcassets; sourceTree = "<group>"; };
		297EDFD621EF374400923669 /* Base */ = {isa = PBXFileReference; lastKnownFileType = file.storyboard; name = Base; path = Base.lproj/LaunchScreen.storyboard; sourceTree = "<group>"; };
		297EDFD821EF374400923669 /* Info.plist */ = {isa = PBXFileReference; lastKnownFileType = text.plist.xml; path = Info.plist; sourceTree = "<group>"; };
		297EDFDD21EF374400923669 /* Ka_Core_Image_v1Tests.xctest */ = {isa = PBXFileReference; explicitFileType = wrapper.cfbundle; includeInIndex = 0; path = Ka_Core_Image_v1Tests.xctest; sourceTree = BUILT_PRODUCTS_DIR; };
		297EDFE121EF374400923669 /* Ka_Core_Image_v1Tests.swift */ = {isa = PBXFileReference; lastKnownFileType = sourcecode.swift; path = Ka_Core_Image_v1Tests.swift; sourceTree = "<group>"; };
		297EDFE321EF374400923669 /* Info.plist */ = {isa = PBXFileReference; lastKnownFileType = text.plist.xml; path = Info.plist; sourceTree = "<group>"; };
		297EDFE821EF374400923669 /* Ka_Core_Image_v1UITests.xctest */ = {isa = PBXFileReference; explicitFileType = wrapper.cfbundle; includeInIndex = 0; path = Ka_Core_Image_v1UITests.xctest; sourceTree = BUILT_PRODUCTS_DIR; };
		297EDFEC21EF374400923669 /* Ka_Core_Image_v1UITests.swift */ = {isa = PBXFileReference; lastKnownFileType = sourcecode.swift; path = Ka_Core_Image_v1UITests.swift; sourceTree = "<group>"; };
		297EDFEE21EF374400923669 /* Info.plist */ = {isa = PBXFileReference; lastKnownFileType = text.plist.xml; path = Info.plist; sourceTree = "<group>"; };
		297EDFFA21EF375900923669 /* Main.storyboard */ = {isa = PBXFileReference; fileEncoding = 4; lastKnownFileType = file.storyboard; path = Main.storyboard; sourceTree = "<group>"; };
		297EDFFD21EF377E00923669 /* Fade.png */ = {isa = PBXFileReference; lastKnownFileType = image.png; path = Fade.png; sourceTree = "<group>"; };
		297EDFFE21EF377E00923669 /* Instant.png */ = {isa = PBXFileReference; lastKnownFileType = image.png; path = Instant.png; sourceTree = "<group>"; };
		297EDFFF21EF377E00923669 /* Transfer.png */ = {isa = PBXFileReference; lastKnownFileType = image.png; path = Transfer.png; sourceTree = "<group>"; };
		297EE00021EF377E00923669 /* Chrome.png */ = {isa = PBXFileReference; lastKnownFileType = image.png; path = Chrome.png; sourceTree = "<group>"; };
		297EE00121EF377E00923669 /* Noir.png */ = {isa = PBXFileReference; lastKnownFileType = image.png; path = Noir.png; sourceTree = "<group>"; };
		297EE00221EF377E00923669 /* Mono.png */ = {isa = PBXFileReference; lastKnownFileType = image.png; path = Mono.png; sourceTree = "<group>"; };
		297EE00321EF377E00923669 /* Tonal.png */ = {isa = PBXFileReference; lastKnownFileType = image.png; path = Tonal.png; sourceTree = "<group>"; };
		297EE00421EF377E00923669 /* None.png */ = {isa = PBXFileReference; lastKnownFileType = image.png; path = None.png; sourceTree = "<group>"; };
		297EE00521EF377E00923669 /* Process.png */ = {isa = PBXFileReference; lastKnownFileType = image.png; path = Process.png; sourceTree = "<group>"; };
		297EE00F21EF37CA00923669 /* Vivid warm.png */ = {isa = PBXFileReference; lastKnownFileType = image.png; path = "Vivid warm.png"; sourceTree = "<group>"; };
		297EE01221EF384A00923669 /* ObjectPara.swift */ = {isa = PBXFileReference; lastKnownFileType = sourcecode.swift; path = ObjectPara.swift; sourceTree = "<group>"; };
		297EE01421EF390300923669 /* ViewFilter.swift */ = {isa = PBXFileReference; lastKnownFileType = sourcecode.swift; path = ViewFilter.swift; sourceTree = "<group>"; };
		297EE01621EF3A0400923669 /* CustomView.swift */ = {isa = PBXFileReference; lastKnownFileType = sourcecode.swift; path = CustomView.swift; sourceTree = "<group>"; };
		297EE01821EF3D3500923669 /* CustomView.xib */ = {isa = PBXFileReference; fileEncoding = 4; lastKnownFileType = file.xib; path = CustomView.xib; sourceTree = "<group>"; };
		297EE01B21EF3D6800923669 /* FilterView.swift */ = {isa = PBXFileReference; lastKnownFileType = sourcecode.swift; path = FilterView.swift; sourceTree = "<group>"; };
		297EE01E21EF411100923669 /* PhotoEffectCollectionCell.swift */ = {isa = PBXFileReference; lastKnownFileType = sourcecode.swift; path = PhotoEffectCollectionCell.swift; sourceTree = "<group>"; };
		297EE02021EF431600923669 /* EffectView.swift */ = {isa = PBXFileReference; lastKnownFileType = sourcecode.swift; path = EffectView.swift; sourceTree = "<group>"; };
/* End PBXFileReference section */

/* Begin PBXFrameworksBuildPhase section */
		297EDFC621EF374300923669 /* Frameworks */ = {
			isa = PBXFrameworksBuildPhase;
			buildActionMask = 2147483647;
			files = (
			);
			runOnlyForDeploymentPostprocessing = 0;
		};
		297EDFDA21EF374400923669 /* Frameworks */ = {
			isa = PBXFrameworksBuildPhase;
			buildActionMask = 2147483647;
			files = (
			);
			runOnlyForDeploymentPostprocessing = 0;
		};
		297EDFE521EF374400923669 /* Frameworks */ = {
			isa = PBXFrameworksBuildPhase;
			buildActionMask = 2147483647;
			files = (
			);
			runOnlyForDeploymentPostprocessing = 0;
		};
/* End PBXFrameworksBuildPhase section */

/* Begin PBXGroup section */
		297EDFC021EF374300923669 = {
			isa = PBXGroup;
			children = (
				297EDFCB21EF374300923669 /* Ka_Core_Image_v1 */,
				297EDFE021EF374400923669 /* Ka_Core_Image_v1Tests */,
				297EDFEB21EF374400923669 /* Ka_Core_Image_v1UITests */,
				297EDFCA21EF374300923669 /* Products */,
			);
			sourceTree = "<group>";
		};
		297EDFCA21EF374300923669 /* Products */ = {
			isa = PBXGroup;
			children = (
				297EDFC921EF374300923669 /* Ka_Core_Image_v1.app */,
				297EDFDD21EF374400923669 /* Ka_Core_Image_v1Tests.xctest */,
				297EDFE821EF374400923669 /* Ka_Core_Image_v1UITests.xctest */,
			);
			name = Products;
			sourceTree = "<group>";
		};
		297EDFCB21EF374300923669 /* Ka_Core_Image_v1 */ = {
			isa = PBXGroup;
			children = (
				297EE01D21EF40F600923669 /* Effect */,
				297EE01A21EF3D5200923669 /* Filter */,
				297EE01121EF383500923669 /* Object */,
				297EDFFC21EF377E00923669 /* img */,
				297EDFCC21EF374300923669 /* AppDelegate.swift */,
				297EDFCE21EF374300923669 /* ViewController.swift */,
				297EDFFA21EF375900923669 /* Main.storyboard */,
				297EDFD321EF374400923669 /* Assets.xcassets */,
				297EDFD521EF374400923669 /* LaunchScreen.storyboard */,
				297EDFD821EF374400923669 /* Info.plist */,
			);
			path = Ka_Core_Image_v1;
			sourceTree = "<group>";
		};
		297EDFE021EF374400923669 /* Ka_Core_Image_v1Tests */ = {
			isa = PBXGroup;
			children = (
				297EDFE121EF374400923669 /* Ka_Core_Image_v1Tests.swift */,
				297EDFE321EF374400923669 /* Info.plist */,
			);
			path = Ka_Core_Image_v1Tests;
			sourceTree = "<group>";
		};
		297EDFEB21EF374400923669 /* Ka_Core_Image_v1UITests */ = {
			isa = PBXGroup;
			children = (
				297EDFEC21EF374400923669 /* Ka_Core_Image_v1UITests.swift */,
				297EDFEE21EF374400923669 /* Info.plist */,
			);
			path = Ka_Core_Image_v1UITests;
			sourceTree = "<group>";
		};
		297EDFFC21EF377E00923669 /* img */ = {
			isa = PBXGroup;
			children = (
				297EDFFD21EF377E00923669 /* Fade.png */,
				297EDFFE21EF377E00923669 /* Instant.png */,
				297EDFFF21EF377E00923669 /* Transfer.png */,
				297EE00021EF377E00923669 /* Chrome.png */,
				297EE00121EF377E00923669 /* Noir.png */,
				297EE00221EF377E00923669 /* Mono.png */,
				297EE00321EF377E00923669 /* Tonal.png */,
				297EE00421EF377E00923669 /* None.png */,
				297EE00521EF377E00923669 /* Process.png */,
				297EE00F21EF37CA00923669 /* Vivid warm.png */,
			);
			path = img;
			sourceTree = "<group>";
		};
		297EE01121EF383500923669 /* Object */ = {
			isa = PBXGroup;
			children = (
				297EE01221EF384A00923669 /* ObjectPara.swift */,
				297EE01421EF390300923669 /* ViewFilter.swift */,
				297EE01621EF3A0400923669 /* CustomView.swift */,
				297EE01821EF3D3500923669 /* CustomView.xib */,
			);
			path = Object;
			sourceTree = "<group>";
		};
		297EE01A21EF3D5200923669 /* Filter */ = {
			isa = PBXGroup;
			children = (
				297EE01B21EF3D6800923669 /* FilterView.swift */,
			);
			path = Filter;
			sourceTree = "<group>";
		};
		297EE01D21EF40F600923669 /* Effect */ = {
			isa = PBXGroup;
			children = (
				297EE01E21EF411100923669 /* PhotoEffectCollectionCell.swift */,
				297EE02021EF431600923669 /* EffectView.swift */,
			);
			path = Effect;
			sourceTree = "<group>";
		};
/* End PBXGroup section */

/* Begin PBXNativeTarget section */
		297EDFC821EF374300923669 /* Ka_Core_Image_v1 */ = {
			isa = PBXNativeTarget;
			buildConfigurationList = 297EDFF121EF374400923669 /* Build configuration list for PBXNativeTarget "Ka_Core_Image_v1" */;
			buildPhases = (
				297EDFC521EF374300923669 /* Sources */,
				297EDFC621EF374300923669 /* Frameworks */,
				297EDFC721EF374300923669 /* Resources */,
			);
			buildRules = (
			);
			dependencies = (
			);
			name = Ka_Core_Image_v1;
			productName = Ka_Core_Image_v1;
			productReference = 297EDFC921EF374300923669 /* Ka_Core_Image_v1.app */;
			productType = "com.apple.product-type.application";
		};
		297EDFDC21EF374400923669 /* Ka_Core_Image_v1Tests */ = {
			isa = PBXNativeTarget;
			buildConfigurationList = 297EDFF421EF374400923669 /* Build configuration list for PBXNativeTarget "Ka_Core_Image_v1Tests" */;
			buildPhases = (
				297EDFD921EF374400923669 /* Sources */,
				297EDFDA21EF374400923669 /* Frameworks */,
				297EDFDB21EF374400923669 /* Resources */,
			);
			buildRules = (
			);
			dependencies = (
				297EDFDF21EF374400923669 /* PBXTargetDependency */,
			);
			name = Ka_Core_Image_v1Tests;
			productName = Ka_Core_Image_v1Tests;
			productReference = 297EDFDD21EF374400923669 /* Ka_Core_Image_v1Tests.xctest */;
			productType = "com.apple.product-type.bundle.unit-test";
		};
		297EDFE721EF374400923669 /* Ka_Core_Image_v1UITests */ = {
			isa = PBXNativeTarget;
			buildConfigurationList = 297EDFF721EF374400923669 /* Build configuration list for PBXNativeTarget "Ka_Core_Image_v1UITests" */;
			buildPhases = (
				297EDFE421EF374400923669 /* Sources */,
				297EDFE521EF374400923669 /* Frameworks */,
				297EDFE621EF374400923669 /* Resources */,
			);
			buildRules = (
			);
			dependencies = (
				297EDFEA21EF374400923669 /* PBXTargetDependency */,
			);
			name = Ka_Core_Image_v1UITests;
			productName = Ka_Core_Image_v1UITests;
			productReference = 297EDFE821EF374400923669 /* Ka_Core_Image_v1UITests.xctest */;
			productType = "com.apple.product-type.bundle.ui-testing";
		};
/* End PBXNativeTarget section */

/* Begin PBXProject section */
		297EDFC121EF374300923669 /* Project object */ = {
			isa = PBXProject;
			attributes = {
				LastSwiftUpdateCheck = 1010;
				LastUpgradeCheck = 1010;
				ORGANIZATIONNAME = "Viet Asc";
				TargetAttributes = {
					297EDFC821EF374300923669 = {
						CreatedOnToolsVersion = 10.1;
					};
					297EDFDC21EF374400923669 = {
						CreatedOnToolsVersion = 10.1;
						TestTargetID = 297EDFC821EF374300923669;
					};
					297EDFE721EF374400923669 = {
						CreatedOnToolsVersion = 10.1;
						TestTargetID = 297EDFC821EF374300923669;
					};
				};
			};
			buildConfigurationList = 297EDFC421EF374300923669 /* Build configuration list for PBXProject "Ka_Core_Image_v1" */;
			compatibilityVersion = "Xcode 9.3";
			developmentRegion = en;
			hasScannedForEncodings = 0;
			knownRegions = (
				en,
				Base,
			);
			mainGroup = 297EDFC021EF374300923669;
			productRefGroup = 297EDFCA21EF374300923669 /* Products */;
			projectDirPath = "";
			projectRoot = "";
			targets = (
				297EDFC821EF374300923669 /* Ka_Core_Image_v1 */,
				297EDFDC21EF374400923669 /* Ka_Core_Image_v1Tests */,
				297EDFE721EF374400923669 /* Ka_Core_Image_v1UITests */,
			);
		};
/* End PBXProject section */

/* Begin PBXResourcesBuildPhase section */
		297EDFC721EF374300923669 /* Resources */ = {
			isa = PBXResourcesBuildPhase;
			buildActionMask = 2147483647;
			files = (
				297EE00B21EF377E00923669 /* Mono.png in Resources */,
				297EE01021EF37CA00923669 /* Vivid warm.png in Resources */,
				297EE00E21EF377E00923669 /* Process.png in Resources */,
				297EE00821EF377E00923669 /* Transfer.png in Resources */,
				297EE00C21EF377E00923669 /* Tonal.png in Resources */,
				297EE00D21EF377E00923669 /* None.png in Resources */,
				297EDFFB21EF375900923669 /* Main.storyboard in Resources */,
				297EDFD721EF374400923669 /* LaunchScreen.storyboard in Resources */,
				297EE00A21EF377E00923669 /* Noir.png in Resources */,
				297EDFD421EF374400923669 /* Assets.xcassets in Resources */,
				297EE00921EF377E00923669 /* Chrome.png in Resources */,
				297EE00721EF377E00923669 /* Instant.png in Resources */,
				297EE00621EF377E00923669 /* Fade.png in Resources */,
				297EE01921EF3D3500923669 /* CustomView.xib in Resources */,
			);
			runOnlyForDeploymentPostprocessing = 0;
		};
		297EDFDB21EF374400923669 /* Resources */ = {
			isa = PBXResourcesBuildPhase;
			buildActionMask = 2147483647;
			files = (
			);
			runOnlyForDeploymentPostprocessing = 0;
		};
		297EDFE621EF374400923669 /* Resources */ = {
			isa = PBXResourcesBuildPhase;
			buildActionMask = 2147483647;
			files = (
			);
			runOnlyForDeploymentPostprocessing = 0;
		};
/* End PBXResourcesBuildPhase section */

/* Begin PBXSourcesBuildPhase section */
		297EDFC521EF374300923669 /* Sources */ = {
			isa = PBXSourcesBuildPhase;
			buildActionMask = 2147483647;
			files = (
				297EE01721EF3A0400923669 /* CustomView.swift in Sources */,
				297EE01F21EF411100923669 /* PhotoEffectCollectionCell.swift in Sources */,
				297EE01521EF390300923669 /* ViewFilter.swift in Sources */,
				297EE02121EF431600923669 /* EffectView.swift in Sources */,
				297EE01321EF384A00923669 /* ObjectPara.swift in Sources */,
				297EDFCF21EF374300923669 /* ViewController.swift in Sources */,
				297EE01C21EF3D6800923669 /* FilterView.swift in Sources */,
				297EDFCD21EF374300923669 /* AppDelegate.swift in Sources */,
			);
			runOnlyForDeploymentPostprocessing = 0;
		};
		297EDFD921EF374400923669 /* Sources */ = {
			isa = PBXSourcesBuildPhase;
			buildActionMask = 2147483647;
			files = (
				297EDFE221EF374400923669 /* Ka_Core_Image_v1Tests.swift in Sources */,
			);
			runOnlyForDeploymentPostprocessing = 0;
		};
		297EDFE421EF374400923669 /* Sources */ = {
			isa = PBXSourcesBuildPhase;
			buildActionMask = 2147483647;
			files = (
				297EDFED21EF374400923669 /* Ka_Core_Image_v1UITests.swift in Sources */,
			);
			runOnlyForDeploymentPostprocessing = 0;
		};
/* End PBXSourcesBuildPhase section */

/* Begin PBXTargetDependency section */
		297EDFDF21EF374400923669 /* PBXTargetDependency */ = {
			isa = PBXTargetDependency;
			target = 297EDFC821EF374300923669 /* Ka_Core_Image_v1 */;
			targetProxy = 297EDFDE21EF374400923669 /* PBXContainerItemProxy */;
		};
		297EDFEA21EF374400923669 /* PBXTargetDependency */ = {
			isa = PBXTargetDependency;
			target = 297EDFC821EF374300923669 /* Ka_Core_Image_v1 */;
			targetProxy = 297EDFE921EF374400923669 /* PBXContainerItemProxy */;
		};
/* End PBXTargetDependency section */

/* Begin PBXVariantGroup section */
		297EDFD521EF374400923669 /* LaunchScreen.storyboard */ = {
			isa = PBXVariantGroup;
			children = (
				297EDFD621EF374400923669 /* Base */,
			);
			name = LaunchScreen.storyboard;
			sourceTree = "<group>";
		};
/* End PBXVariantGroup section */

/* Begin XCBuildConfiguration section */
		297EDFEF21EF374400923669 /* Debug */ = {
			isa = XCBuildConfiguration;
			buildSettings = {
				ALWAYS_SEARCH_USER_PATHS = NO;
				CLANG_ANALYZER_NONNULL = YES;
				CLANG_ANALYZER_NUMBER_OBJECT_CONVERSION = YES_AGGRESSIVE;
				CLANG_CXX_LANGUAGE_STANDARD = "gnu++14";
				CLANG_CXX_LIBRARY = "libc++";
				CLANG_ENABLE_MODULES = YES;
				CLANG_ENABLE_OBJC_ARC = YES;
				CLANG_ENABLE_OBJC_WEAK = YES;
				CLANG_WARN_BLOCK_CAPTURE_AUTORELEASING = YES;
				CLANG_WARN_BOOL_CONVERSION = YES;
				CLANG_WARN_COMMA = YES;
				CLANG_WARN_CONSTANT_CONVERSION = YES;
				CLANG_WARN_DEPRECATED_OBJC_IMPLEMENTATIONS = YES;
				CLANG_WARN_DIRECT_OBJC_ISA_USAGE = YES_ERROR;
				CLANG_WARN_DOCUMENTATION_COMMENTS = YES;
				CLANG_WARN_EMPTY_BODY = YES;
				CLANG_WARN_ENUM_CONVERSION = YES;
				CLANG_WARN_INFINITE_RECURSION = YES;
				CLANG_WARN_INT_CONVERSION = YES;
				CLANG_WARN_NON_LITERAL_NULL_CONVERSION = YES;
				CLANG_WARN_OBJC_IMPLICIT_RETAIN_SELF = YES;
				CLANG_WARN_OBJC_LITERAL_CONVERSION = YES;
				CLANG_WARN_OBJC_ROOT_CLASS = YES_ERROR;
				CLANG_WARN_RANGE_LOOP_ANALYSIS = YES;
				CLANG_WARN_STRICT_PROTOTYPES = YES;
				CLANG_WARN_SUSPICIOUS_MOVE = YES;
				CLANG_WARN_UNGUARDED_AVAILABILITY = YES_AGGRESSIVE;
				CLANG_WARN_UNREACHABLE_CODE = YES;
				CLANG_WARN__DUPLICATE_METHOD_MATCH = YES;
				CODE_SIGN_IDENTITY = "iPhone Developer";
				COPY_PHASE_STRIP = NO;
				DEBUG_INFORMATION_FORMAT = dwarf;
				ENABLE_STRICT_OBJC_MSGSEND = YES;
				ENABLE_TESTABILITY = YES;
				GCC_C_LANGUAGE_STANDARD = gnu11;
				GCC_DYNAMIC_NO_PIC = NO;
				GCC_NO_COMMON_BLOCKS = YES;
				GCC_OPTIMIZATION_LEVEL = 0;
				GCC_PREPROCESSOR_DEFINITIONS = (
					"DEBUG=1",
					"$(inherited)",
				);
				GCC_WARN_64_TO_32_BIT_CONVERSION = YES;
				GCC_WARN_ABOUT_RETURN_TYPE = YES_ERROR;
				GCC_WARN_UNDECLARED_SELECTOR = YES;
				GCC_WARN_UNINITIALIZED_AUTOS = YES_AGGRESSIVE;
				GCC_WARN_UNUSED_FUNCTION = YES;
				GCC_WARN_UNUSED_VARIABLE = YES;
				IPHONEOS_DEPLOYMENT_TARGET = 12.1;
				MTL_ENABLE_DEBUG_INFO = INCLUDE_SOURCE;
				MTL_FAST_MATH = YES;
				ONLY_ACTIVE_ARCH = YES;
				SDKROOT = iphoneos;
				SWIFT_ACTIVE_COMPILATION_CONDITIONS = DEBUG;
				SWIFT_OPTIMIZATION_LEVEL = "-Onone";
			};
			name = Debug;
		};
		297EDFF021EF374400923669 /* Release */ = {
			isa = XCBuildConfiguration;
			buildSettings = {
				ALWAYS_SEARCH_USER_PATHS = NO;
				CLANG_ANALYZER_NONNULL = YES;
				CLANG_ANALYZER_NUMBER_OBJECT_CONVERSION = YES_AGGRESSIVE;
				CLANG_CXX_LANGUAGE_STANDARD = "gnu++14";
				CLANG_CXX_LIBRARY = "libc++";
				CLANG_ENABLE_MODULES = YES;
				CLANG_ENABLE_OBJC_ARC = YES;
				CLANG_ENABLE_OBJC_WEAK = YES;
				CLANG_WARN_BLOCK_CAPTURE_AUTORELEASING = YES;
				CLANG_WARN_BOOL_CONVERSION = YES;
				CLANG_WARN_COMMA = YES;
				CLANG_WARN_CONSTANT_CONVERSION = YES;
				CLANG_WARN_DEPRECATED_OBJC_IMPLEMENTATIONS = YES;
				CLANG_WARN_DIRECT_OBJC_ISA_USAGE = YES_ERROR;
				CLANG_WARN_DOCUMENTATION_COMMENTS = YES;
				CLANG_WARN_EMPTY_BODY = YES;
				CLANG_WARN_ENUM_CONVERSION = YES;
				CLANG_WARN_INFINITE_RECURSION = YES;
				CLANG_WARN_INT_CONVERSION = YES;
				CLANG_WARN_NON_LITERAL_NULL_CONVERSION = YES;
				CLANG_WARN_OBJC_IMPLICIT_RETAIN_SELF = YES;
				CLANG_WARN_OBJC_LITERAL_CONVERSION = YES;
				CLANG_WARN_OBJC_ROOT_CLASS = YES_ERROR;
				CLANG_WARN_RANGE_LOOP_ANALYSIS = YES;
				CLANG_WARN_STRICT_PROTOTYPES = YES;
				CLANG_WARN_SUSPICIOUS_MOVE = YES;
				CLANG_WARN_UNGUARDED_AVAILABILITY = YES_AGGRESSIVE;
				CLANG_WARN_UNREACHABLE_CODE = YES;
				CLANG_WARN__DUPLICATE_METHOD_MATCH = YES;
				CODE_SIGN_IDENTITY = "iPhone Developer";
				COPY_PHASE_STRIP = NO;
				DEBUG_INFORMATION_FORMAT = "dwarf-with-dsym";
				ENABLE_NS_ASSERTIONS = NO;
				ENABLE_STRICT_OBJC_MSGSEND = YES;
				GCC_C_LANGUAGE_STANDARD = gnu11;
				GCC_NO_COMMON_BLOCKS = YES;
				GCC_WARN_64_TO_32_BIT_CONVERSION = YES;
				GCC_WARN_ABOUT_RETURN_TYPE = YES_ERROR;
				GCC_WARN_UNDECLARED_SELECTOR = YES;
				GCC_WARN_UNINITIALIZED_AUTOS = YES_AGGRESSIVE;
				GCC_WARN_UNUSED_FUNCTION = YES;
				GCC_WARN_UNUSED_VARIABLE = YES;
				IPHONEOS_DEPLOYMENT_TARGET = 12.1;
				MTL_ENABLE_DEBUG_INFO = NO;
				MTL_FAST_MATH = YES;
				SDKROOT = iphoneos;
				SWIFT_COMPILATION_MODE = wholemodule;
				SWIFT_OPTIMIZATION_LEVEL = "-O";
				VALIDATE_PRODUCT = YES;
			};
			name = Release;
		};
		297EDFF221EF374400923669 /* Debug */ = {
			isa = XCBuildConfiguration;
			buildSettings = {
				ASSETCATALOG_COMPILER_APPICON_NAME = AppIcon;
				CODE_SIGN_STYLE = Automatic;
				DEVELOPMENT_TEAM = AGY9E5E6J5;
				INFOPLIST_FILE = Ka_Core_Image_v1/Info.plist;
				LD_RUNPATH_SEARCH_PATHS = (
					"$(inherited)",
					"@executable_path/Frameworks",
				);
				PRODUCT_BUNDLE_IDENTIFIER = "Senegal.Ka-Core-Image-v1";
				PRODUCT_NAME = "$(TARGET_NAME)";
				SWIFT_VERSION = 4.2;
				TARGETED_DEVICE_FAMILY = "1,2";
			};
			name = Debug;
		};
		297EDFF321EF374400923669 /* Release */ = {
			isa = XCBuildConfiguration;
			buildSettings = {
				ASSETCATALOG_COMPILER_APPICON_NAME = AppIcon;
				CODE_SIGN_STYLE = Automatic;
				DEVELOPMENT_TEAM = AGY9E5E6J5;
				INFOPLIST_FILE = Ka_Core_Image_v1/Info.plist;
				LD_RUNPATH_SEARCH_PATHS = (
					"$(inherited)",
					"@executable_path/Frameworks",
				);
				PRODUCT_BUNDLE_IDENTIFIER = "Senegal.Ka-Core-Image-v1";
				PRODUCT_NAME = "$(TARGET_NAME)";
				SWIFT_VERSION = 4.2;
				TARGETED_DEVICE_FAMILY = "1,2";
			};
			name = Release;
		};
		297EDFF521EF374400923669 /* Debug */ = {
			isa = XCBuildConfiguration;
			buildSettings = {
				ALWAYS_EMBED_SWIFT_STANDARD_LIBRARIES = YES;
				BUNDLE_LOADER = "$(TEST_HOST)";
				CODE_SIGN_STYLE = Automatic;
				DEVELOPMENT_TEAM = AGY9E5E6J5;
				INFOPLIST_FILE = Ka_Core_Image_v1Tests/Info.plist;
				LD_RUNPATH_SEARCH_PATHS = (
					"$(inherited)",
					"@executable_path/Frameworks",
					"@loader_path/Frameworks",
				);
				PRODUCT_BUNDLE_IDENTIFIER = "Senegal.Ka-Core-Image-v1Tests";
				PRODUCT_NAME = "$(TARGET_NAME)";
				SWIFT_VERSION = 4.2;
				TARGETED_DEVICE_FAMILY = "1,2";
				TEST_HOST = "$(BUILT_PRODUCTS_DIR)/Ka_Core_Image_v1.app/Ka_Core_Image_v1";
			};
			name = Debug;
		};
		297EDFF621EF374400923669 /* Release */ = {
			isa = XCBuildConfiguration;
			buildSettings = {
				ALWAYS_EMBED_SWIFT_STANDARD_LIBRARIES = YES;
				BUNDLE_LOADER = "$(TEST_HOST)";
				CODE_SIGN_STYLE = Automatic;
				DEVELOPMENT_TEAM = AGY9E5E6J5;
				INFOPLIST_FILE = Ka_Core_Image_v1Tests/Info.plist;
				LD_RUNPATH_SEARCH_PATHS = (
					"$(inherited)",
					"@executable_path/Frameworks",
					"@loader_path/Frameworks",
				);
				PRODUCT_BUNDLE_IDENTIFIER = "Senegal.Ka-Core-Image-v1Tests";
				PRODUCT_NAME = "$(TARGET_NAME)";
				SWIFT_VERSION = 4.2;
				TARGETED_DEVICE_FAMILY = "1,2";
				TEST_HOST = "$(BUILT_PRODUCTS_DIR)/Ka_Core_Image_v1.app/Ka_Core_Image_v1";
			};
			name = Release;
		};
		297EDFF821EF374400923669 /* Debug */ = {
			isa = XCBuildConfiguration;
			buildSettings = {
				ALWAYS_EMBED_SWIFT_STANDARD_LIBRARIES = YES;
				CODE_SIGN_STYLE = Automatic;
				DEVELOPMENT_TEAM = AGY9E5E6J5;
				INFOPLIST_FILE = Ka_Core_Image_v1UITests/Info.plist;
				LD_RUNPATH_SEARCH_PATHS = (
					"$(inherited)",
					"@executable_path/Frameworks",
					"@loader_path/Frameworks",
				);
				PRODUCT_BUNDLE_IDENTIFIER = "Senegal.Ka-Core-Image-v1UITests";
				PRODUCT_NAME = "$(TARGET_NAME)";
				SWIFT_VERSION = 4.2;
				TARGETED_DEVICE_FAMILY = "1,2";
				TEST_TARGET_NAME = Ka_Core_Image_v1;
			};
			name = Debug;
		};
		297EDFF921EF374400923669 /* Release */ = {
			isa = XCBuildConfiguration;
			buildSettings = {
				ALWAYS_EMBED_SWIFT_STANDARD_LIBRARIES = YES;
				CODE_SIGN_STYLE = Automatic;
				DEVELOPMENT_TEAM = AGY9E5E6J5;
				INFOPLIST_FILE = Ka_Core_Image_v1UITests/Info.plist;
				LD_RUNPATH_SEARCH_PATHS = (
					"$(inherited)",
					"@executable_path/Frameworks",
					"@loader_path/Frameworks",
				);
				PRODUCT_BUNDLE_IDENTIFIER = "Senegal.Ka-Core-Image-v1UITests";
				PRODUCT_NAME = "$(TARGET_NAME)";
				SWIFT_VERSION = 4.2;
				TARGETED_DEVICE_FAMILY = "1,2";
				TEST_TARGET_NAME = Ka_Core_Image_v1;
			};
			name = Release;
		};
/* End XCBuildConfiguration section */

/* Begin XCConfigurationList section */
		297EDFC421EF374300923669 /* Build configuration list for PBXProject "Ka_Core_Image_v1" */ = {
			isa = XCConfigurationList;
			buildConfigurations = (
				297EDFEF21EF374400923669 /* Debug */,
				297EDFF021EF374400923669 /* Release */,
			);
			defaultConfigurationIsVisible = 0;
			defaultConfigurationName = Release;
		};
		297EDFF121EF374400923669 /* Build configuration list for PBXNativeTarget "Ka_Core_Image_v1" */ = {
			isa = XCConfigurationList;
			buildConfigurations = (
				297EDFF221EF374400923669 /* Debug */,
				297EDFF321EF374400923669 /* Release */,
			);
			defaultConfigurationIsVisible = 0;
			defaultConfigurationName = Release;
		};
		297EDFF421EF374400923669 /* Build configuration list for PBXNativeTarget "Ka_Core_Image_v1Tests" */ = {
			isa = XCConfigurationList;
			buildConfigurations = (
				297EDFF521EF374400923669 /* Debug */,
				297EDFF621EF374400923669 /* Release */,
			);
			defaultConfigurationIsVisible = 0;
			defaultConfigurationName = Release;
		};
		297EDFF721EF374400923669 /* Build configuration list for PBXNativeTarget "Ka_Core_Image_v1UITests" */ = {
			isa = XCConfigurationList;
			buildConfigurations = (
				297EDFF821EF374400923669 /* Debug */,
				297EDFF921EF374400923669 /* Release */,
			);
			defaultConfigurationIsVisible = 0;
			defaultConfigurationName = Release;
		};
/* End XCConfigurationList section */
	};
	rootObject = 297EDFC121EF374300923669 /* Project object */;
}
